
Microsoft Visual Studio Solution File, Format Version 12.00
EndProject
Project("{FAE04EC0-301F-11D3-BF4B-00C04F79EFBC}") = "mqttnet.broker", "mqttnet.broker\mqttnet.broker.csproj", "{53329272-C5C2-4984-8E49-34EBED047099}"
EndProject
Project("{2150E333-8FDC-42A3-9474-1A3956D46DE8}") = "broker", "broker", "{2E635A32-310A-4D56-B6A6-C1E39C317E8F}"
EndProject
Project("{2150E333-8FDC-42A3-9474-1A3956D46DE8}") = "clients", "clients", "{E5B9AC3C-FA8A-4283-9387-D473DE5D648B}"
EndProject
Project("{2150E333-8FDC-42A3-9474-1A3956D46DE8}") = "Extensions", "Extensions", "{505CBEAD-3D57-4E9F-9163-B48603C7431A}"
EndProject
Project("{FAE04EC0-301F-11D3-BF4B-00C04F79EFBC}") = "MQTTnet.AspNetCore.Client", "MQTTnet.AspNetCore.Client\MQTTnet.AspNetCore.Client.csproj", "{D019A03B-CE81-40F9-B4FD-31EB3D966115}"
EndProject
Project("{FAE04EC0-301F-11D3-BF4B-00C04F79EFBC}") = "MQTTnet.AspNetCore.Server.Cluster", "MQTTnet.AspNetCore.Server.Cluster\MQTTnet.AspNetCore.Server.Cluster.csproj", "{610C385C-51F1-4900-B6D5-888B029CC95F}"
EndProject
Project("{FAE04EC0-301F-11D3-BF4B-00C04F79EFBC}") = "mqttnet.client.publisher", "mqttnet.client.publisher\mqttnet.client.publisher.csproj", "{63C0AC29-82DD-4B70-A61A-58E160A18DA7}"
EndProject
Project("{FAE04EC0-301F-11D3-BF4B-00C04F79EFBC}") = "mqttnet.client.subscriber", "mqttnet.client.subscriber\mqttnet.client.subscriber.csproj", "{67766E69-8AC8-4CD7-9624-865F53DBD672}"
EndProject
Project("{FAE04EC0-301F-11D3-BF4B-00C04F79EFBC}") = "MQTTnet.AspNetCore.Server", "MQTTnet.AspNetCore.Server\MQTTnet.AspNetCore.Server.csproj", "{DA161E1C-7890-4724-B160-537F6E76F3BD}"
EndProject
Global
	GlobalSection(SolutionConfigurationPlatforms) = preSolution
		Debug|Any CPU = Debug|Any CPU
		Release|Any CPU = Release|Any CPU
	EndGlobalSection
	GlobalSection(ProjectConfigurationPlatforms) = postSolution
		{65706D3A-235C-41F9-80E3-3A63243615FF}.Debug|Any CPU.ActiveCfg = Debug|Any CPU
		{65706D3A-235C-41F9-80E3-3A63243615FF}.Debug|Any CPU.Build.0 = Debug|Any CPU
		{65706D3A-235C-41F9-80E3-3A63243615FF}.Release|Any CPU.ActiveCfg = Release|Any CPU
		{65706D3A-235C-41F9-80E3-3A63243615FF}.Release|Any CPU.Build.0 = Release|Any CPU
		{53329272-C5C2-4984-8E49-34EBED047099}.Debug|Any CPU.ActiveCfg = Debug|Any CPU
		{53329272-C5C2-4984-8E49-34EBED047099}.Debug|Any CPU.Build.0 = Debug|Any CPU
		{53329272-C5C2-4984-8E49-34EBED047099}.Release|Any CPU.ActiveCfg = Release|Any CPU
		{53329272-C5C2-4984-8E49-34EBED047099}.Release|Any CPU.Build.0 = Release|Any CPU
		{D019A03B-CE81-40F9-B4FD-31EB3D966115}.Debug|Any CPU.ActiveCfg = Debug|Any CPU
		{D019A03B-CE81-40F9-B4FD-31EB3D966115}.Debug|Any CPU.Build.0 = Debug|Any CPU
		{D019A03B-CE81-40F9-B4FD-31EB3D966115}.Release|Any CPU.ActiveCfg = Release|Any CPU
		{D019A03B-CE81-40F9-B4FD-31EB3D966115}.Release|Any CPU.Build.0 = Release|Any CPU
		{610C385C-51F1-4900-B6D5-888B029CC95F}.Debug|Any CPU.ActiveCfg = Debug|Any CPU
		{610C385C-51F1-4900-B6D5-888B029CC95F}.Debug|Any CPU.Build.0 = Debug|Any CPU
		{610C385C-51F1-4900-B6D5-888B029CC95F}.Release|Any CPU.ActiveCfg = Release|Any CPU
		{610C385C-51F1-4900-B6D5-888B029CC95F}.Release|Any CPU.Build.0 = Release|Any CPU
		{63C0AC29-82DD-4B70-A61A-58E160A18DA7}.Debug|Any CPU.ActiveCfg = Debug|Any CPU
		{63C0AC29-82DD-4B70-A61A-58E160A18DA7}.Debug|Any CPU.Build.0 = Debug|Any CPU
		{63C0AC29-82DD-4B70-A61A-58E160A18DA7}.Release|Any CPU.ActiveCfg = Release|Any CPU
		{63C0AC29-82DD-4B70-A61A-58E160A18DA7}.Release|Any CPU.Build.0 = Release|Any CPU
		{67766E69-8AC8-4CD7-9624-865F53DBD672}.Debug|Any CPU.ActiveCfg = Debug|Any CPU
		{67766E69-8AC8-4CD7-9624-865F53DBD672}.Debug|Any CPU.Build.0 = Debug|Any CPU
		{67766E69-8AC8-4CD7-9624-865F53DBD672}.Release|Any CPU.ActiveCfg = Release|Any CPU
		{67766E69-8AC8-4CD7-9624-865F53DBD672}.Release|Any CPU.Build.0 = Release|Any CPU
		{DA161E1C-7890-4724-B160-537F6E76F3BD}.Debug|Any CPU.ActiveCfg = Debug|Any CPU
		{DA161E1C-7890-4724-B160-537F6E76F3BD}.Debug|Any CPU.Build.0 = Debug|Any CPU
		{DA161E1C-7890-4724-B160-537F6E76F3BD}.Release|Any CPU.ActiveCfg = Release|Any CPU
		{DA161E1C-7890-4724-B160-537F6E76F3BD}.Release|Any CPU.Build.0 = Release|Any CPU
	EndGlobalSection
	GlobalSection(NestedProjects) = preSolution
		{53329272-C5C2-4984-8E49-34EBED047099} = {2E635A32-310A-4D56-B6A6-C1E39C317E8F}
		{D019A03B-CE81-40F9-B4FD-31EB3D966115} = {505CBEAD-3D57-4E9F-9163-B48603C7431A}
		{610C385C-51F1-4900-B6D5-888B029CC95F} = {505CBEAD-3D57-4E9F-9163-B48603C7431A}
		{63C0AC29-82DD-4B70-A61A-58E160A18DA7} = {E5B9AC3C-FA8A-4283-9387-D473DE5D648B}
		{67766E69-8AC8-4CD7-9624-865F53DBD672} = {E5B9AC3C-FA8A-4283-9387-D473DE5D648B}
		{DA161E1C-7890-4724-B160-537F6E76F3BD} = {505CBEAD-3D57-4E9F-9163-B48603C7431A}
	EndGlobalSection
EndGlobal
